
Microsoft Visual Studio Solution File, Format Version 12.00
# Visual Studio Version 16
VisualStudioVersion = 16.0.30717.126
MinimumVisualStudioVersion = 10.0.40219.1
Project("{8BC9CEB8-8B4A-11D0-8D11-00A0C91BC942}") = "Project11", "Project11.vcxproj", "{963CC5CF-8D04-41D5-B5EC-96D23C159AD3}"
EndProject
Global
	GlobalSection(SolutionConfigurationPlatforms) = preSolution
		Debug|x64 = Debug|x64
		Debug|x86 = Debug|x86
		Release|x64 = Release|x64
		Release|x86 = Release|x86
	EndGlobalSection
	GlobalSection(ProjectConfigurationPlatforms) = postSolution
		{963CC5CF-8D04-41D5-B5EC-96D23C159AD3}.Debug|x64.ActiveCfg = Debug|x64
		{963CC5CF-8D04-41D5-B5EC-96D23C159AD3}.Debug|x64.Build.0 = Debug|x64
		{963CC5CF-8D04-41D5-B5EC-96D23C159AD3}.Debug|x86.ActiveCfg = Debug|Win32
		{963CC5CF-8D04-41D5-B5EC-96D23C159AD3}.Debug|x86.Build.0 = Debug|Win32
		{963CC5CF-8D04-41D5-B5EC-96D23C159AD3}.Release|x64.ActiveCfg = Release|x64
		{963CC5CF-8D04-41D5-B5EC-96D23C159AD3}.Release|x64.Build.0 = Release|x64
		{963CC5CF-8D04-41D5-B5EC-96D23C159AD3}.Release|x86.ActiveCfg = Release|Win32
		{963CC5CF-8D04-41D5-B5EC-96D23C159AD3}.Release|x86.Build.0 = Release|Win32
	EndGlobalSection
	GlobalSection(SolutionProperties) = preSolution
		HideSolutionNode = FALSE
	EndGlobalSection
	GlobalSection(ExtensibilityGlobals) = postSolution
		SolutionGuid = {6D239FB4-28C3-4DDE-A8AD-156B4D0B5DE2}
	EndGlobalSection
EndGlobal
